// !$*UTF8*$!
{
	archiveVersion = 1;
	classes = {
	};
	objectVersion = 50;
	objects = {

/* Begin PBXBuildFile section */
		470384942439C4B000F7D1A3 /* AppDelegate.swift in Sources */ = {isa = PBXBuildFile; fileRef = 470384932439C4B000F7D1A3 /* AppDelegate.swift */; };
		470384962439C4B000F7D1A3 /* SceneDelegate.swift in Sources */ = {isa = PBXBuildFile; fileRef = 470384952439C4B000F7D1A3 /* SceneDelegate.swift */; };
		470384982439C4B000F7D1A3 /* ContentView.swift in Sources */ = {isa = PBXBuildFile; fileRef = 470384972439C4B000F7D1A3 /* ContentView.swift */; };
		4703849A2439C4B200F7D1A3 /* Assets.xcassets in Resources */ = {isa = PBXBuildFile; fileRef = 470384992439C4B200F7D1A3 /* Assets.xcassets */; };
		4703849D2439C4B200F7D1A3 /* Preview Assets.xcassets in Resources */ = {isa = PBXBuildFile; fileRef = 4703849C2439C4B200F7D1A3 /* Preview Assets.xcassets */; };
		470384A02439C4B200F7D1A3 /* LaunchScreen.storyboard in Resources */ = {isa = PBXBuildFile; fileRef = 4703849E2439C4B200F7D1A3 /* LaunchScreen.storyboard */; };
		470384AB2439C4B300F7D1A3 /* HandlingUserInputTests.swift in Sources */ = {isa = PBXBuildFile; fileRef = 470384AA2439C4B300F7D1A3 /* HandlingUserInputTests.swift */; };
		470384B62439C4B300F7D1A3 /* HandlingUserInputUITests.swift in Sources */ = {isa = PBXBuildFile; fileRef = 470384B52439C4B300F7D1A3 /* HandlingUserInputUITests.swift */; };
/* End PBXBuildFile section */

/* Begin PBXContainerItemProxy section */
		470384A72439C4B300F7D1A3 /* PBXContainerItemProxy */ = {
			isa = PBXContainerItemProxy;
			containerPortal = 470384882439C4B000F7D1A3 /* Project object */;
			proxyType = 1;
			remoteGlobalIDString = 4703848F2439C4B000F7D1A3;
			remoteInfo = HandlingUserInput;
		};
		470384B22439C4B300F7D1A3 /* PBXContainerItemProxy */ = {
			isa = PBXContainerItemProxy;
			containerPortal = 470384882439C4B000F7D1A3 /* Project object */;
			proxyType = 1;
			remoteGlobalIDString = 4703848F2439C4B000F7D1A3;
			remoteInfo = HandlingUserInput;
		};
/* End PBXContainerItemProxy section */

/* Begin PBXFileReference section */
		470384902439C4B000F7D1A3 /* HandlingUserInput.app */ = {isa = PBXFileReference; explicitFileType = wrapper.application; includeInIndex = 0; path = HandlingUserInput.app; sourceTree = BUILT_PRODUCTS_DIR; };
		470384932439C4B000F7D1A3 /* AppDelegate.swift */ = {isa = PBXFileReference; lastKnownFileType = sourcecode.swift; path = AppDelegate.swift; sourceTree = "<group>"; };
		470384952439C4B000F7D1A3 /* SceneDelegate.swift */ = {isa = PBXFileReference; lastKnownFileType = sourcecode.swift; path = SceneDelegate.swift; sourceTree = "<group>"; };
		470384972439C4B000F7D1A3 /* ContentView.swift */ = {isa = PBXFileReference; lastKnownFileType = sourcecode.swift; path = ContentView.swift; sourceTree = "<group>"; };
		470384992439C4B200F7D1A3 /* Assets.xcassets */ = {isa = PBXFileReference; lastKnownFileType = folder.assetcatalog; path = Assets.xcassets; sourceTree = "<group>"; };
		4703849C2439C4B200F7D1A3 /* Preview Assets.xcassets */ = {isa = PBXFileReference; lastKnownFileType = folder.assetcatalog; path = "Preview Assets.xcassets"; sourceTree = "<group>"; };
		4703849F2439C4B200F7D1A3 /* Base */ = {isa = PBXFileReference; lastKnownFileType = file.storyboard; name = Base; path = Base.lproj/LaunchScreen.storyboard; sourceTree = "<group>"; };
		470384A12439C4B200F7D1A3 /* Info.plist */ = {isa = PBXFileReference; lastKnownFileType = text.plist.xml; path = Info.plist; sourceTree = "<group>"; };
		470384A62439C4B300F7D1A3 /* HandlingUserInputTests.xctest */ = {isa = PBXFileReference; explicitFileType = wrapper.cfbundle; includeInIndex = 0; path = HandlingUserInputTests.xctest; sourceTree = BUILT_PRODUCTS_DIR; };
		470384AA2439C4B300F7D1A3 /* HandlingUserInputTests.swift */ = {isa = PBXFileReference; lastKnownFileType = sourcecode.swift; path = HandlingUserInputTests.swift; sourceTree = "<group>"; };
		470384AC2439C4B300F7D1A3 /* Info.plist */ = {isa = PBXFileReference; lastKnownFileType = text.plist.xml; path = Info.plist; sourceTree = "<group>"; };
		470384B12439C4B300F7D1A3 /* HandlingUserInputUITests.xctest */ = {isa = PBXFileReference; explicitFileType = wrapper.cfbundle; includeInIndex = 0; path = HandlingUserInputUITests.xctest; sourceTree = BUILT_PRODUCTS_DIR; };
		470384B52439C4B300F7D1A3 /* HandlingUserInputUITests.swift */ = {isa = PBXFileReference; lastKnownFileType = sourcecode.swift; path = HandlingUserInputUITests.swift; sourceTree = "<group>"; };
		470384B72439C4B300F7D1A3 /* Info.plist */ = {isa = PBXFileReference; lastKnownFileType = text.plist.xml; path = Info.plist; sourceTree = "<group>"; };
/* End PBXFileReference section */

/* Begin PBXFrameworksBuildPhase section */
		4703848D2439C4B000F7D1A3 /* Frameworks */ = {
			isa = PBXFrameworksBuildPhase;
			buildActionMask = 2147483647;
			files = (
			);
			runOnlyForDeploymentPostprocessing = 0;
		};
		470384A32439C4B300F7D1A3 /* Frameworks */ = {
			isa = PBXFrameworksBuildPhase;
			buildActionMask = 2147483647;
			files = (
			);
			runOnlyForDeploymentPostprocessing = 0;
		};
		470384AE2439C4B300F7D1A3 /* Frameworks */ = {
			isa = PBXFrameworksBuildPhase;
			buildActionMask = 2147483647;
			files = (
			);
			runOnlyForDeploymentPostprocessing = 0;
		};
/* End PBXFrameworksBuildPhase section */

/* Begin PBXGroup section */
		470384872439C4B000F7D1A3 = {
			isa = PBXGroup;
			children = (
				470384922439C4B000F7D1A3 /* HandlingUserInput */,
				470384A92439C4B300F7D1A3 /* HandlingUserInputTests */,
				470384B42439C4B300F7D1A3 /* HandlingUserInputUITests */,
				470384912439C4B000F7D1A3 /* Products */,
			);
			sourceTree = "<group>";
		};
		470384912439C4B000F7D1A3 /* Products */ = {
			isa = PBXGroup;
			children = (
				470384902439C4B000F7D1A3 /* HandlingUserInput.app */,
				470384A62439C4B300F7D1A3 /* HandlingUserInputTests.xctest */,
				470384B12439C4B300F7D1A3 /* HandlingUserInputUITests.xctest */,
			);
			name = Products;
			sourceTree = "<group>";
		};
		470384922439C4B000F7D1A3 /* HandlingUserInput */ = {
			isa = PBXGroup;
			children = (
				470384932439C4B000F7D1A3 /* AppDelegate.swift */,
				470384952439C4B000F7D1A3 /* SceneDelegate.swift */,
				470384972439C4B000F7D1A3 /* ContentView.swift */,
				470384992439C4B200F7D1A3 /* Assets.xcassets */,
				4703849E2439C4B200F7D1A3 /* LaunchScreen.storyboard */,
				470384A12439C4B200F7D1A3 /* Info.plist */,
				4703849B2439C4B200F7D1A3 /* Preview Content */,
			);
			path = HandlingUserInput;
			sourceTree = "<group>";
		};
		4703849B2439C4B200F7D1A3 /* Preview Content */ = {
			isa = PBXGroup;
			children = (
				4703849C2439C4B200F7D1A3 /* Preview Assets.xcassets */,
			);
			path = "Preview Content";
			sourceTree = "<group>";
		};
		470384A92439C4B300F7D1A3 /* HandlingUserInputTests */ = {
			isa = PBXGroup;
			children = (
				470384AA2439C4B300F7D1A3 /* HandlingUserInputTests.swift */,
				470384AC2439C4B300F7D1A3 /* Info.plist */,
			);
			path = HandlingUserInputTests;
			sourceTree = "<group>";
		};
		470384B42439C4B300F7D1A3 /* HandlingUserInputUITests */ = {
			isa = PBXGroup;
			children = (
				470384B52439C4B300F7D1A3 /* HandlingUserInputUITests.swift */,
				470384B72439C4B300F7D1A3 /* Info.plist */,
			);
			path = HandlingUserInputUITests;
			sourceTree = "<group>";
		};
/* End PBXGroup section */

/* Begin PBXNativeTarget section */
		4703848F2439C4B000F7D1A3 /* HandlingUserInput */ = {
			isa = PBXNativeTarget;
			buildConfigurationList = 470384BA2439C4B300F7D1A3 /* Build configuration list for PBXNativeTarget "HandlingUserInput" */;
			buildPhases = (
				4703848C2439C4B000F7D1A3 /* Sources */,
				4703848D2439C4B000F7D1A3 /* Frameworks */,
				4703848E2439C4B000F7D1A3 /* Resources */,
			);
			buildRules = (
			);
			dependencies = (
			);
			name = HandlingUserInput;
			productName = HandlingUserInput;
			productReference = 470384902439C4B000F7D1A3 /* HandlingUserInput.app */;
			productType = "com.apple.product-type.application";
		};
		470384A52439C4B300F7D1A3 /* HandlingUserInputTests */ = {
			isa = PBXNativeTarget;
			buildConfigurationList = 470384BD2439C4B300F7D1A3 /* Build configuration list for PBXNativeTarget "HandlingUserInputTests" */;
			buildPhases = (
				470384A22439C4B300F7D1A3 /* Sources */,
				470384A32439C4B300F7D1A3 /* Frameworks */,
				470384A42439C4B300F7D1A3 /* Resources */,
			);
			buildRules = (
			);
			dependencies = (
				470384A82439C4B300F7D1A3 /* PBXTargetDependency */,
			);
			name = HandlingUserInputTests;
			productName = HandlingUserInputTests;
			productReference = 470384A62439C4B300F7D1A3 /* HandlingUserInputTests.xctest */;
			productType = "com.apple.product-type.bundle.unit-test";
		};
		470384B02439C4B300F7D1A3 /* HandlingUserInputUITests */ = {
			isa = PBXNativeTarget;
			buildConfigurationList = 470384C02439C4B300F7D1A3 /* Build configuration list for PBXNativeTarget "HandlingUserInputUITests" */;
			buildPhases = (
				470384AD2439C4B300F7D1A3 /* Sources */,
				470384AE2439C4B300F7D1A3 /* Frameworks */,
				470384AF2439C4B300F7D1A3 /* Resources */,
			);
			buildRules = (
			);
			dependencies = (
				470384B32439C4B300F7D1A3 /* PBXTargetDependency */,
			);
			name = HandlingUserInputUITests;
			productName = HandlingUserInputUITests;
			productReference = 470384B12439C4B300F7D1A3 /* HandlingUserInputUITests.xctest */;
			productType = "com.apple.product-type.bundle.ui-testing";
		};
/* End PBXNativeTarget section */

/* Begin PBXProject section */
		470384882439C4B000F7D1A3 /* Project object */ = {
			isa = PBXProject;
			attributes = {
				LastSwiftUpdateCheck = 1130;
				LastUpgradeCheck = 1130;
				ORGANIZATIONNAME = "Ajay Lather";
				TargetAttributes = {
					4703848F2439C4B000F7D1A3 = {
						CreatedOnToolsVersion = 11.3.1;
					};
					470384A52439C4B300F7D1A3 = {
						CreatedOnToolsVersion = 11.3.1;
						TestTargetID = 4703848F2439C4B000F7D1A3;
					};
					470384B02439C4B300F7D1A3 = {
						CreatedOnToolsVersion = 11.3.1;
						TestTargetID = 4703848F2439C4B000F7D1A3;
					};
				};
			};
			buildConfigurationList = 4703848B2439C4B000F7D1A3 /* Build configuration list for PBXProject "HandlingUserInput" */;
			compatibilityVersion = "Xcode 9.3";
			developmentRegion = en;
			hasScannedForEncodings = 0;
			knownRegions = (
				en,
				Base,
			);
			mainGroup = 470384872439C4B000F7D1A3;
			productRefGroup = 470384912439C4B000F7D1A3 /* Products */;
			projectDirPath = "";
			projectRoot = "";
			targets = (
				4703848F2439C4B000F7D1A3 /* HandlingUserInput */,
				470384A52439C4B300F7D1A3 /* HandlingUserInputTests */,
				470384B02439C4B300F7D1A3 /* HandlingUserInputUITests */,
			);
		};
/* End PBXProject section */

/* Begin PBXResourcesBuildPhase section */
		4703848E2439C4B000F7D1A3 /* Resources */ = {
			isa = PBXResourcesBuildPhase;
			buildActionMask = 2147483647;
			files = (
				470384A02439C4B200F7D1A3 /* LaunchScreen.storyboard in Resources */,
				4703849D2439C4B200F7D1A3 /* Preview Assets.xcassets in Resources */,
				4703849A2439C4B200F7D1A3 /* Assets.xcassets in Resources */,
			);
			runOnlyForDeploymentPostprocessing = 0;
		};
		470384A42439C4B300F7D1A3 /* Resources */ = {
			isa = PBXResourcesBuildPhase;
			buildActionMask = 2147483647;
			files = (
			);
			runOnlyForDeploymentPostprocessing = 0;
		};
		470384AF2439C4B300F7D1A3 /* Resources */ = {
			isa = PBXResourcesBuildPhase;
			buildActionMask = 2147483647;
			files = (
			);
			runOnlyForDeploymentPostprocessing = 0;
		};
/* End PBXResourcesBuildPhase section */

/* Begin PBXSourcesBuildPhase section */
		4703848C2439C4B000F7D1A3 /* Sources */ = {
			isa = PBXSourcesBuildPhase;
			buildActionMask = 2147483647;
			files = (
				470384942439C4B000F7D1A3 /* AppDelegate.swift in Sources */,
				470384962439C4B000F7D1A3 /* SceneDelegate.swift in Sources */,
				470384982439C4B000F7D1A3 /* ContentView.swift in Sources */,
			);
			runOnlyForDeploymentPostprocessing = 0;
		};
		470384A22439C4B300F7D1A3 /* Sources */ = {
			isa = PBXSourcesBuildPhase;
			buildActionMask = 2147483647;
			files = (
				470384AB2439C4B300F7D1A3 /* HandlingUserInputTests.swift in Sources */,
			);
			runOnlyForDeploymentPostprocessing = 0;
		};
		470384AD2439C4B300F7D1A3 /* Sources */ = {
			isa = PBXSourcesBuildPhase;
			buildActionMask = 2147483647;
			files = (
				470384B62439C4B300F7D1A3 /* HandlingUserInputUITests.swift in Sources */,
			);
			runOnlyForDeploymentPostprocessing = 0;
		};
/* End PBXSourcesBuildPhase section */

/* Begin PBXTargetDependency section */
		470384A82439C4B300F7D1A3 /* PBXTargetDependency */ = {
			isa = PBXTargetDependency;
			target = 4703848F2439C4B000F7D1A3 /* HandlingUserInput */;
			targetProxy = 470384A72439C4B300F7D1A3 /* PBXContainerItemProxy */;
		};
		470384B32439C4B300F7D1A3 /* PBXTargetDependency */ = {
			isa = PBXTargetDependency;
			target = 4703848F2439C4B000F7D1A3 /* HandlingUserInput */;
			targetProxy = 470384B22439C4B300F7D1A3 /* PBXContainerItemProxy */;
		};
/* End PBXTargetDependency section */

/* Begin PBXVariantGroup section */
		4703849E2439C4B200F7D1A3 /* LaunchScreen.storyboard */ = {
			isa = PBXVariantGroup;
			children = (
				4703849F2439C4B200F7D1A3 /* Base */,
			);
			name = LaunchScreen.storyboard;
			sourceTree = "<group>";
		};
/* End PBXVariantGroup section */

/* Begin XCBuildConfiguration section */
		470384B82439C4B300F7D1A3 /* Debug */ = {
			isa = XCBuildConfiguration;
			buildSettings = {
				ALWAYS_SEARCH_USER_PATHS = NO;
				CLANG_ANALYZER_NONNULL = YES;
				CLANG_ANALYZER_NUMBER_OBJECT_CONVERSION = YES_AGGRESSIVE;
				CLANG_CXX_LANGUAGE_STANDARD = "gnu++14";
				CLANG_CXX_LIBRARY = "libc++";
				CLANG_ENABLE_MODULES = YES;
				CLANG_ENABLE_OBJC_ARC = YES;
				CLANG_ENABLE_OBJC_WEAK = YES;
				CLANG_WARN_BLOCK_CAPTURE_AUTORELEASING = YES;
				CLANG_WARN_BOOL_CONVERSION = YES;
				CLANG_WARN_COMMA = YES;
				CLANG_WARN_CONSTANT_CONVERSION = YES;
				CLANG_WARN_DEPRECATED_OBJC_IMPLEMENTATIONS = YES;
				CLANG_WARN_DIRECT_OBJC_ISA_USAGE = YES_ERROR;
				CLANG_WARN_DOCUMENTATION_COMMENTS = YES;
				CLANG_WARN_EMPTY_BODY = YES;
				CLANG_WARN_ENUM_CONVERSION = YES;
				CLANG_WARN_INFINITE_RECURSION = YES;
				CLANG_WARN_INT_CONVERSION = YES;
				CLANG_WARN_NON_LITERAL_NULL_CONVERSION = YES;
				CLANG_WARN_OBJC_IMPLICIT_RETAIN_SELF = YES;
				CLANG_WARN_OBJC_LITERAL_CONVERSION = YES;
				CLANG_WARN_OBJC_ROOT_CLASS = YES_ERROR;
				CLANG_WARN_RANGE_LOOP_ANALYSIS = YES;
				CLANG_WARN_STRICT_PROTOTYPES = YES;
				CLANG_WARN_SUSPICIOUS_MOVE = YES;
				CLANG_WARN_UNGUARDED_AVAILABILITY = YES_AGGRESSIVE;
				CLANG_WARN_UNREACHABLE_CODE = YES;
				CLANG_WARN__DUPLICATE_METHOD_MATCH = YES;
				COPY_PHASE_STRIP = NO;
				DEBUG_INFORMATION_FORMAT = dwarf;
				ENABLE_STRICT_OBJC_MSGSEND = YES;
				ENABLE_TESTABILITY = YES;
				GCC_C_LANGUAGE_STANDARD = gnu11;
				GCC_DYNAMIC_NO_PIC = NO;
				GCC_NO_COMMON_BLOCKS = YES;
				GCC_OPTIMIZATION_LEVEL = 0;
				GCC_PREPROCESSOR_DEFINITIONS = (
					"DEBUG=1",
					"$(inherited)",
				);
				GCC_WARN_64_TO_32_BIT_CONVERSION = YES;
				GCC_WARN_ABOUT_RETURN_TYPE = YES_ERROR;
				GCC_WARN_UNDECLARED_SELECTOR = YES;
				GCC_WARN_UNINITIALIZED_AUTOS = YES_AGGRESSIVE;
				GCC_WARN_UNUSED_FUNCTION = YES;
				GCC_WARN_UNUSED_VARIABLE = YES;
				IPHONEOS_DEPLOYMENT_TARGET = 13.2;
				MTL_ENABLE_DEBUG_INFO = INCLUDE_SOURCE;
				MTL_FAST_MATH = YES;
				ONLY_ACTIVE_ARCH = YES;
				SDKROOT = iphoneos;
				SWIFT_ACTIVE_COMPILATION_CONDITIONS = DEBUG;
				SWIFT_OPTIMIZATION_LEVEL = "-Onone";
			};
			name = Debug;
		};
		470384B92439C4B300F7D1A3 /* Release */ = {
			isa = XCBuildConfiguration;
			buildSettings = {
				ALWAYS_SEARCH_USER_PATHS = NO;
				CLANG_ANALYZER_NONNULL = YES;
				CLANG_ANALYZER_NUMBER_OBJECT_CONVERSION = YES_AGGRESSIVE;
				CLANG_CXX_LANGUAGE_STANDARD = "gnu++14";
				CLANG_CXX_LIBRARY = "libc++";
				CLANG_ENABLE_MODULES = YES;
				CLANG_ENABLE_OBJC_ARC = YES;
				CLANG_ENABLE_OBJC_WEAK = YES;
				CLANG_WARN_BLOCK_CAPTURE_AUTORELEASING = YES;
				CLANG_WARN_BOOL_CONVERSION = YES;
				CLANG_WARN_COMMA = YES;
				CLANG_WARN_CONSTANT_CONVERSION = YES;
				CLANG_WARN_DEPRECATED_OBJC_IMPLEMENTATIONS = YES;
				CLANG_WARN_DIRECT_OBJC_ISA_USAGE = YES_ERROR;
				CLANG_WARN_DOCUMENTATION_COMMENTS = YES;
				CLANG_WARN_EMPTY_BODY = YES;
				CLANG_WARN_ENUM_CONVERSION = YES;
				CLANG_WARN_INFINITE_RECURSION = YES;
				CLANG_WARN_INT_CONVERSION = YES;
				CLANG_WARN_NON_LITERAL_NULL_CONVERSION = YES;
				CLANG_WARN_OBJC_IMPLICIT_RETAIN_SELF = YES;
				CLANG_WARN_OBJC_LITERAL_CONVERSION = YES;
				CLANG_WARN_OBJC_ROOT_CLASS = YES_ERROR;
				CLANG_WARN_RANGE_LOOP_ANALYSIS = YES;
				CLANG_WARN_STRICT_PROTOTYPES = YES;
				CLANG_WARN_SUSPICIOUS_MOVE = YES;
				CLANG_WARN_UNGUARDED_AVAILABILITY = YES_AGGRESSIVE;
				CLANG_WARN_UNREACHABLE_CODE = YES;
				CLANG_WARN__DUPLICATE_METHOD_MATCH = YES;
				COPY_PHASE_STRIP = NO;
				DEBUG_INFORMATION_FORMAT = "dwarf-with-dsym";
				ENABLE_NS_ASSERTIONS = NO;
				ENABLE_STRICT_OBJC_MSGSEND = YES;
				GCC_C_LANGUAGE_STANDARD = gnu11;
				GCC_NO_COMMON_BLOCKS = YES;
				GCC_WARN_64_TO_32_BIT_CONVERSION = YES;
				GCC_WARN_ABOUT_RETURN_TYPE = YES_ERROR;
				GCC_WARN_UNDECLARED_SELECTOR = YES;
				GCC_WARN_UNINITIALIZED_AUTOS = YES_AGGRESSIVE;
				GCC_WARN_UNUSED_FUNCTION = YES;
				GCC_WARN_UNUSED_VARIABLE = YES;
				IPHONEOS_DEPLOYMENT_TARGET = 13.2;
				MTL_ENABLE_DEBUG_INFO = NO;
				MTL_FAST_MATH = YES;
				SDKROOT = iphoneos;
				SWIFT_COMPILATION_MODE = wholemodule;
				SWIFT_OPTIMIZATION_LEVEL = "-O";
				VALIDATE_PRODUCT = YES;
			};
			name = Release;
		};
		470384BB2439C4B300F7D1A3 /* Debug */ = {
			isa = XCBuildConfiguration;
			buildSettings = {
				ASSETCATALOG_COMPILER_APPICON_NAME = AppIcon;
				CODE_SIGN_STYLE = Automatic;
				DEVELOPMENT_ASSET_PATHS = "\"HandlingUserInput/Preview Content\"";
				DEVELOPMENT_TEAM = RB29W73W6R;
				ENABLE_PREVIEWS = YES;
				INFOPLIST_FILE = HandlingUserInput/Info.plist;
				LD_RUNPATH_SEARCH_PATHS = (
					"$(inherited)",
					"@executable_path/Frameworks",
				);
				PRODUCT_BUNDLE_IDENTIFIER = com.hungryloin.HandlingUserInput;
				PRODUCT_NAME = "$(TARGET_NAME)";
				SWIFT_VERSION = 5.0;
				TARGETED_DEVICE_FAMILY = "1,2";
			};
			name = Debug;
		};
		470384BC2439C4B300F7D1A3 /* Release */ = {
			isa = XCBuildConfiguration;
			buildSettings = {
				ASSETCATALOG_COMPILER_APPICON_NAME = AppIcon;
				CODE_SIGN_STYLE = Automatic;
				DEVELOPMENT_ASSET_PATHS = "\"HandlingUserInput/Preview Content\"";
				DEVELOPMENT_TEAM = RB29W73W6R;
				ENABLE_PREVIEWS = YES;
				INFOPLIST_FILE = HandlingUserInput/Info.plist;
				LD_RUNPATH_SEARCH_PATHS = (
					"$(inherited)",
					"@executable_path/Frameworks",
				);
				PRODUCT_BUNDLE_IDENTIFIER = com.hungryloin.HandlingUserInput;
				PRODUCT_NAME = "$(TARGET_NAME)";
				SWIFT_VERSION = 5.0;
				TARGETED_DEVICE_FAMILY = "1,2";
			};
			name = Release;
		};
		470384BE2439C4B300F7D1A3 /* Debug */ = {
			isa = XCBuildConfiguration;
			buildSettings = {
				ALWAYS_EMBED_SWIFT_STANDARD_LIBRARIES = YES;
				BUNDLE_LOADER = "$(TEST_HOST)";
				CODE_SIGN_STYLE = Automatic;
				DEVELOPMENT_TEAM = RB29W73W6R;
				INFOPLIST_FILE = HandlingUserInputTests/Info.plist;
				IPHONEOS_DEPLOYMENT_TARGET = 13.2;
				LD_RUNPATH_SEARCH_PATHS = (
					"$(inherited)",
					"@executable_path/Frameworks",
					"@loader_path/Frameworks",
				);
				PRODUCT_BUNDLE_IDENTIFIER = com.hungryloin.HandlingUserInputTests;
				PRODUCT_NAME = "$(TARGET_NAME)";
				SWIFT_VERSION = 5.0;
				TARGETED_DEVICE_FAMILY = "1,2";
				TEST_HOST = "$(BUILT_PRODUCTS_DIR)/HandlingUserInput.app/HandlingUserInput";
			};
			name = Debug;
		};
		470384BF2439C4B300F7D1A3 /* Release */ = {
			isa = XCBuildConfiguration;
			buildSettings = {
				ALWAYS_EMBED_SWIFT_STANDARD_LIBRARIES = YES;
				BUNDLE_LOADER = "$(TEST_HOST)";
				CODE_SIGN_STYLE = Automatic;
				DEVELOPMENT_TEAM = RB29W73W6R;
				INFOPLIST_FILE = HandlingUserInputTests/Info.plist;
				IPHONEOS_DEPLOYMENT_TARGET = 13.2;
				LD_RUNPATH_SEARCH_PATHS = (
					"$(inherited)",
					"@executable_path/Frameworks",
					"@loader_path/Frameworks",
				);
				PRODUCT_BUNDLE_IDENTIFIER = com.hungryloin.HandlingUserInputTests;
				PRODUCT_NAME = "$(TARGET_NAME)";
				SWIFT_VERSION = 5.0;
				TARGETED_DEVICE_FAMILY = "1,2";
				TEST_HOST = "$(BUILT_PRODUCTS_DIR)/HandlingUserInput.app/HandlingUserInput";
			};
			name = Release;
		};
		470384C12439C4B300F7D1A3 /* Debug */ = {
			isa = XCBuildConfiguration;
			buildSettings = {
				ALWAYS_EMBED_SWIFT_STANDARD_LIBRARIES = YES;
				CODE_SIGN_STYLE = Automatic;
				DEVELOPMENT_TEAM = RB29W73W6R;
				INFOPLIST_FILE = HandlingUserInputUITests/Info.plist;
				LD_RUNPATH_SEARCH_PATHS = (
					"$(inherited)",
					"@executable_path/Frameworks",
					"@loader_path/Frameworks",
				);
				PRODUCT_BUNDLE_IDENTIFIER = com.hungryloin.HandlingUserInputUITests;
				PRODUCT_NAME = "$(TARGET_NAME)";
				SWIFT_VERSION = 5.0;
				TARGETED_DEVICE_FAMILY = "1,2";
				TEST_TARGET_NAME = HandlingUserInput;
			};
			name = Debug;
		};
		470384C22439C4B300F7D1A3 /* Release */ = {
			isa = XCBuildConfiguration;
			buildSettings = {
				ALWAYS_EMBED_SWIFT_STANDARD_LIBRARIES = YES;
				CODE_SIGN_STYLE = Automatic;
				DEVELOPMENT_TEAM = RB29W73W6R;
				INFOPLIST_FILE = HandlingUserInputUITests/Info.plist;
				LD_RUNPATH_SEARCH_PATHS = (
					"$(inherited)",
					"@executable_path/Frameworks",
					"@loader_path/Frameworks",
				);
				PRODUCT_BUNDLE_IDENTIFIER = com.hungryloin.HandlingUserInputUITests;
				PRODUCT_NAME = "$(TARGET_NAME)";
				SWIFT_VERSION = 5.0;
				TARGETED_DEVICE_FAMILY = "1,2";
				TEST_TARGET_NAME = HandlingUserInput;
			};
			name = Release;
		};
/* End XCBuildConfiguration section */

/* Begin XCConfigurationList section */
		4703848B2439C4B000F7D1A3 /* Build configuration list for PBXProject "HandlingUserInput" */ = {
			isa = XCConfigurationList;
			buildConfigurations = (
				470384B82439C4B300F7D1A3 /* Debug */,
				470384B92439C4B300F7D1A3 /* Release */,
			);
			defaultConfigurationIsVisible = 0;
			defaultConfigurationName = Release;
		};
		470384BA2439C4B300F7D1A3 /* Build configuration list for PBXNativeTarget "HandlingUserInput" */ = {
			isa = XCConfigurationList;
			buildConfigurations = (
				470384BB2439C4B300F7D1A3 /* Debug */,
				470384BC2439C4B300F7D1A3 /* Release */,
			);
			defaultConfigurationIsVisible = 0;
			defaultConfigurationName = Release;
		};
		470384BD2439C4B300F7D1A3 /* Build configuration list for PBXNativeTarget "HandlingUserInputTests" */ = {
			isa = XCConfigurationList;
			buildConfigurations = (
				470384BE2439C4B300F7D1A3 /* Debug */,
				470384BF2439C4B300F7D1A3 /* Release */,
			);
			defaultConfigurationIsVisible = 0;
			defaultConfigurationName = Release;
		};
		470384C02439C4B300F7D1A3 /* Build configuration list for PBXNativeTarget "HandlingUserInputUITests" */ = {
			isa = XCConfigurationList;
			buildConfigurations = (
				470384C12439C4B300F7D1A3 /* Debug */,
				470384C22439C4B300F7D1A3 /* Release */,
			);
			defaultConfigurationIsVisible = 0;
			defaultConfigurationName = Release;
		};
/* End XCConfigurationList section */
	};
	rootObject = 470384882439C4B000F7D1A3 /* Project object */;
}
